{
  "name": "petition_data",
  "lockfileVersion": 2,
  "requires": true,
  "packages": {
    "": {
      "dependencies": {
        "get-json": "^1.0.1"
      }
    },
    "node_modules/debug": {
      "version": "4.3.4",
      "resolved": "https://registry.npmjs.org/debug/-/debug-4.3.4.tgz",
      "integrity": "sha512-PRWFHuSU3eDtQJPvnNY7Jcket1j0t5OuOsFzPPzsekD52Zl8qUfFIPEiswXqIvHWGVHOgX+7G/vCNNhehwxfkQ==",
      "dependencies": {
        "ms": "2.1.2"
      },
      "engines": {
        "node": ">=6.0"
      },
      "peerDependenciesMeta": {
        "supports-color": {
          "optional": true
        }
      }
    },
    "node_modules/get-json": {
      "version": "1.0.1",
      "resolved": "https://registry.npmjs.org/get-json/-/get-json-1.0.1.tgz",
      "integrity": "sha512-buUOE2bLaxIsF6zGIrwvsTVlvgU85qwAWf0Hgq/EJBBoSssUqOauXWKpsh4wgPdTlZHEVllLtphiuIzFM4UEHQ==",
      "dependencies": {
        "is-node": "0.0.0",
        "jsonp": "0.0.4",
        "phin": "^2.2.6"
      }
    },
    "node_modules/is-node": {
      "version": "0.0.0",
      "resolved": "https://registry.npmjs.org/is-node/-/is-node-0.0.0.tgz",
      "integrity": "sha512-KUwX8L3QU5YheJw8FiFwBFf+gIZ3OX2wifID5sHjn1pWrFMfIaBZLSszs7vHtiJR9y7plGM+Y4jtfwrsCI1D8Q=="
    },
    "node_modules/jsonp": {
      "version": "0.0.4",
      "resolved": "https://registry.npmjs.org/jsonp/-/jsonp-0.0.4.tgz",
      "integrity": "sha512-Pyo6SxnTXngwXJbpZkv+936u4Pq3BGZ5tuA77rLLppWQC09KjBsopGsD7uQZmCCaXjLx5C/XqksUh0yGyr4wog==",
      "dependencies": {
        "debug": "*"
      }
    },
    "node_modules/ms": {
      "version": "2.1.2",
      "resolved": "https://registry.npmjs.org/ms/-/ms-2.1.2.tgz",
      "integrity": "sha512-sGkPx+VjMtmA6MX27oA4FBFELFCZZ4S4XqeGOXCv68tT+jb3vk/RyaKWP0PTKyWtmLSM0b+adUTEvbs1PEaH2w=="
    },
    "node_modules/phin": {
      "version": "2.9.3",
      "resolved": "https://registry.npmjs.org/phin/-/phin-2.9.3.tgz",
      "integrity": "sha512-CzFr90qM24ju5f88quFC/6qohjC144rehe5n6DH900lgXmUe86+xCKc10ev56gRKC4/BkHUoG4uSiQgBiIXwDA=="
    }
  },
  "dependencies": {
    "debug": {
      "version": "4.3.4",
      "resolved": "https://registry.npmjs.org/debug/-/debug-4.3.4.tgz",
      "integrity": "sha512-PRWFHuSU3eDtQJPvnNY7Jcket1j0t5OuOsFzPPzsekD52Zl8qUfFIPEiswXqIvHWGVHOgX+7G/vCNNhehwxfkQ==",
      "requires": {
        "ms": "2.1.2"
      }
    },
    "get-json": {
      "version": "1.0.1",
      "resolved": "https://registry.npmjs.org/get-json/-/get-json-1.0.1.tgz",
      "integrity": "sha512-buUOE2bLaxIsF6zGIrwvsTVlvgU85qwAWf0Hgq/EJBBoSssUqOauXWKpsh4wgPdTlZHEVllLtphiuIzFM4UEHQ==",
      "requires": {
        "is-node": "0.0.0",
        "jsonp": "0.0.4",
        "phin": "^2.2.6"
      }
    },
    "is-node": {
      "version": "0.0.0",
      "resolved": "https://registry.npmjs.org/is-node/-/is-node-0.0.0.tgz",
      "integrity": "sha512-KUwX8L3QU5YheJw8FiFwBFf+gIZ3OX2wifID5sHjn1pWrFMfIaBZLSszs7vHtiJR9y7plGM+Y4jtfwrsCI1D8Q=="
    },
    "jsonp": {
      "version": "0.0.4",
      "resolved": "https://registry.npmjs.org/jsonp/-/jsonp-0.0.4.tgz",
      "integrity": "sha512-Pyo6SxnTXngwXJbpZkv+936u4Pq3BGZ5tuA77rLLppWQC09KjBsopGsD7uQZmCCaXjLx5C/XqksUh0yGyr4wog==",
      "requires": {
        "debug": "*"
      }
    },
    "ms": {
      "version": "2.1.2",
      "resolved": "https://registry.npmjs.org/ms/-/ms-2.1.2.tgz",
      "integrity": "sha512-sGkPx+VjMtmA6MX27oA4FBFELFCZZ4S4XqeGOXCv68tT+jb3vk/RyaKWP0PTKyWtmLSM0b+adUTEvbs1PEaH2w=="
    },
    "phin": {
      "version": "2.9.3",
      "resolved": "https://registry.npmjs.org/phin/-/phin-2.9.3.tgz",
      "integrity": "sha512-CzFr90qM24ju5f88quFC/6qohjC144rehe5n6DH900lgXmUe86+xCKc10ev56gRKC4/BkHUoG4uSiQgBiIXwDA=="
    }
  }
}
